// !$*UTF8*$!
{
	archiveVersion = 1;
	classes = {
	};
	objectVersion = 55;
	objects = {

/* Begin PBXBuildFile section */
		665643C2280718C70044EFAA /* FrameBootcamp.swift in Sources */ = {isa = PBXBuildFile; fileRef = 665643C1280718C70044EFAA /* FrameBootcamp.swift */; };
		665643C4280723110044EFAA /* BackgroundAndOverlayBootcamp.swift in Sources */ = {isa = PBXBuildFile; fileRef = 665643C3280723110044EFAA /* BackgroundAndOverlayBootcamp.swift */; };
		665643C62807348A0044EFAA /* StacksBootcamp.swift in Sources */ = {isa = PBXBuildFile; fileRef = 665643C52807348A0044EFAA /* StacksBootcamp.swift */; };
		667C01E02808773300453720 /* PaddingBootcamp.swift in Sources */ = {isa = PBXBuildFile; fileRef = 667C01DF2808773300453720 /* PaddingBootcamp.swift */; };
		667C01E22808833500453720 /* SpacerBootcamp.swift in Sources */ = {isa = PBXBuildFile; fileRef = 667C01E12808833500453720 /* SpacerBootcamp.swift */; };
		66CA86462809B82B004BD5D2 /* InitializerBootcamp.swift in Sources */ = {isa = PBXBuildFile; fileRef = 66CA86452809B82B004BD5D2 /* InitializerBootcamp.swift */; };
		66CA86482809D396004BD5D2 /* ForEachAndScrollViewBootcamp.swift in Sources */ = {isa = PBXBuildFile; fileRef = 66CA86472809D396004BD5D2 /* ForEachAndScrollViewBootcamp.swift */; };
		66F6C55A280590B900CA7B84 /* SwiftUIBootcampApp.swift in Sources */ = {isa = PBXBuildFile; fileRef = 66F6C559280590B900CA7B84 /* SwiftUIBootcampApp.swift */; };
		66F6C55C280590B900CA7B84 /* ContentView.swift in Sources */ = {isa = PBXBuildFile; fileRef = 66F6C55B280590B900CA7B84 /* ContentView.swift */; };
		66F6C55E280590B900CA7B84 /* Assets.xcassets in Resources */ = {isa = PBXBuildFile; fileRef = 66F6C55D280590B900CA7B84 /* Assets.xcassets */; };
		66F6C561280590B900CA7B84 /* Preview Assets.xcassets in Resources */ = {isa = PBXBuildFile; fileRef = 66F6C560280590B900CA7B84 /* Preview Assets.xcassets */; };
		66F6C568280590DC00CA7B84 /* TextsBootcamp.swift in Sources */ = {isa = PBXBuildFile; fileRef = 66F6C567280590DC00CA7B84 /* TextsBootcamp.swift */; };
		66F6C56A2805C0F600CA7B84 /* ColorsGradientsBootcamp.swift in Sources */ = {isa = PBXBuildFile; fileRef = 66F6C5692805C0F600CA7B84 /* ColorsGradientsBootcamp.swift */; };
		66F6C56C2805D83300CA7B84 /* IconsBootcamp.swift in Sources */ = {isa = PBXBuildFile; fileRef = 66F6C56B2805D83300CA7B84 /* IconsBootcamp.swift */; };
		66F6C56F2805E1ED00CA7B84 /* .gitignore in Resources */ = {isa = PBXBuildFile; fileRef = 66F6C56E2805E1ED00CA7B84 /* .gitignore */; };
		66F6C5712805E4AE00CA7B84 /* ImagesBootcamp.swift in Sources */ = {isa = PBXBuildFile; fileRef = 66F6C5702805E4AE00CA7B84 /* ImagesBootcamp.swift */; };
/* End PBXBuildFile section */

/* Begin PBXFileReference section */
		665643C1280718C70044EFAA /* FrameBootcamp.swift */ = {isa = PBXFileReference; lastKnownFileType = sourcecode.swift; path = FrameBootcamp.swift; sourceTree = "<group>"; };
		665643C3280723110044EFAA /* BackgroundAndOverlayBootcamp.swift */ = {isa = PBXFileReference; lastKnownFileType = sourcecode.swift; path = BackgroundAndOverlayBootcamp.swift; sourceTree = "<group>"; };
		665643C52807348A0044EFAA /* StacksBootcamp.swift */ = {isa = PBXFileReference; lastKnownFileType = sourcecode.swift; path = StacksBootcamp.swift; sourceTree = "<group>"; };
		667C01DF2808773300453720 /* PaddingBootcamp.swift */ = {isa = PBXFileReference; lastKnownFileType = sourcecode.swift; path = PaddingBootcamp.swift; sourceTree = "<group>"; };
		667C01E12808833500453720 /* SpacerBootcamp.swift */ = {isa = PBXFileReference; lastKnownFileType = sourcecode.swift; path = SpacerBootcamp.swift; sourceTree = "<group>"; };
		66CA86452809B82B004BD5D2 /* InitializerBootcamp.swift */ = {isa = PBXFileReference; lastKnownFileType = sourcecode.swift; path = InitializerBootcamp.swift; sourceTree = "<group>"; };
		66CA86472809D396004BD5D2 /* ForEachAndScrollViewBootcamp.swift */ = {isa = PBXFileReference; lastKnownFileType = sourcecode.swift; path = ForEachAndScrollViewBootcamp.swift; sourceTree = "<group>"; };
		66F6C556280590B900CA7B84 /* SwiftUIBootcamp.app */ = {isa = PBXFileReference; explicitFileType = wrapper.application; includeInIndex = 0; path = SwiftUIBootcamp.app; sourceTree = BUILT_PRODUCTS_DIR; };
		66F6C559280590B900CA7B84 /* SwiftUIBootcampApp.swift */ = {isa = PBXFileReference; lastKnownFileType = sourcecode.swift; path = SwiftUIBootcampApp.swift; sourceTree = "<group>"; };
		66F6C55B280590B900CA7B84 /* ContentView.swift */ = {isa = PBXFileReference; lastKnownFileType = sourcecode.swift; path = ContentView.swift; sourceTree = "<group>"; };
		66F6C55D280590B900CA7B84 /* Assets.xcassets */ = {isa = PBXFileReference; lastKnownFileType = folder.assetcatalog; path = Assets.xcassets; sourceTree = "<group>"; };
		66F6C560280590B900CA7B84 /* Preview Assets.xcassets */ = {isa = PBXFileReference; lastKnownFileType = folder.assetcatalog; path = "Preview Assets.xcassets"; sourceTree = "<group>"; };
		66F6C567280590DC00CA7B84 /* TextsBootcamp.swift */ = {isa = PBXFileReference; lastKnownFileType = sourcecode.swift; path = TextsBootcamp.swift; sourceTree = "<group>"; };
		66F6C5692805C0F600CA7B84 /* ColorsGradientsBootcamp.swift */ = {isa = PBXFileReference; lastKnownFileType = sourcecode.swift; path = ColorsGradientsBootcamp.swift; sourceTree = "<group>"; };
		66F6C56B2805D83300CA7B84 /* IconsBootcamp.swift */ = {isa = PBXFileReference; lastKnownFileType = sourcecode.swift; path = IconsBootcamp.swift; sourceTree = "<group>"; };
		66F6C56E2805E1ED00CA7B84 /* .gitignore */ = {isa = PBXFileReference; lastKnownFileType = text; path = .gitignore; sourceTree = "<group>"; };
		66F6C5702805E4AE00CA7B84 /* ImagesBootcamp.swift */ = {isa = PBXFileReference; lastKnownFileType = sourcecode.swift; path = ImagesBootcamp.swift; sourceTree = "<group>"; };
/* End PBXFileReference section */

/* Begin PBXFrameworksBuildPhase section */
		66F6C553280590B900CA7B84 /* Frameworks */ = {
			isa = PBXFrameworksBuildPhase;
			buildActionMask = 2147483647;
			files = (
			);
			runOnlyForDeploymentPostprocessing = 0;
		};
/* End PBXFrameworksBuildPhase section */

/* Begin PBXGroup section */
		66F6C54D280590B900CA7B84 = {
			isa = PBXGroup;
			children = (
				66F6C558280590B900CA7B84 /* SwiftUIBootcamp */,
				66F6C557280590B900CA7B84 /* Products */,
			);
			sourceTree = "<group>";
		};
		66F6C557280590B900CA7B84 /* Products */ = {
			isa = PBXGroup;
			children = (
				66F6C556280590B900CA7B84 /* SwiftUIBootcamp.app */,
			);
			name = Products;
			sourceTree = "<group>";
		};
		66F6C558280590B900CA7B84 /* SwiftUIBootcamp */ = {
			isa = PBXGroup;
			children = (
				66F6C56D2805E1BD00CA7B84 /* Git */,
				66F6C559280590B900CA7B84 /* SwiftUIBootcampApp.swift */,
				66F6C55B280590B900CA7B84 /* ContentView.swift */,
				66F6C567280590DC00CA7B84 /* TextsBootcamp.swift */,
				66F6C5692805C0F600CA7B84 /* ColorsGradientsBootcamp.swift */,
				66F6C56B2805D83300CA7B84 /* IconsBootcamp.swift */,
				66F6C5702805E4AE00CA7B84 /* ImagesBootcamp.swift */,
				665643C1280718C70044EFAA /* FrameBootcamp.swift */,
				665643C3280723110044EFAA /* BackgroundAndOverlayBootcamp.swift */,
				665643C52807348A0044EFAA /* StacksBootcamp.swift */,
				667C01DF2808773300453720 /* PaddingBootcamp.swift */,
				667C01E12808833500453720 /* SpacerBootcamp.swift */,
				66CA86452809B82B004BD5D2 /* InitializerBootcamp.swift */,
				66CA86472809D396004BD5D2 /* ForEachAndScrollViewBootcamp.swift */,
				66F6C55D280590B900CA7B84 /* Assets.xcassets */,
				66F6C55F280590B900CA7B84 /* Preview Content */,
			);
			path = SwiftUIBootcamp;
			sourceTree = "<group>";
		};
		66F6C55F280590B900CA7B84 /* Preview Content */ = {
			isa = PBXGroup;
			children = (
				66F6C560280590B900CA7B84 /* Preview Assets.xcassets */,
			);
			path = "Preview Content";
			sourceTree = "<group>";
		};
		66F6C56D2805E1BD00CA7B84 /* Git */ = {
			isa = PBXGroup;
			children = (
				66F6C56E2805E1ED00CA7B84 /* .gitignore */,
			);
			path = Git;
			sourceTree = "<group>";
		};
/* End PBXGroup section */

/* Begin PBXNativeTarget section */
		66F6C555280590B900CA7B84 /* SwiftUIBootcamp */ = {
			isa = PBXNativeTarget;
			buildConfigurationList = 66F6C564280590B900CA7B84 /* Build configuration list for PBXNativeTarget "SwiftUIBootcamp" */;
			buildPhases = (
				66F6C552280590B900CA7B84 /* Sources */,
				66F6C553280590B900CA7B84 /* Frameworks */,
				66F6C554280590B900CA7B84 /* Resources */,
			);
			buildRules = (
			);
			dependencies = (
			);
			name = SwiftUIBootcamp;
			productName = SwiftUIBootcamp;
			productReference = 66F6C556280590B900CA7B84 /* SwiftUIBootcamp.app */;
			productType = "com.apple.product-type.application";
		};
/* End PBXNativeTarget section */

/* Begin PBXProject section */
		66F6C54E280590B900CA7B84 /* Project object */ = {
			isa = PBXProject;
			attributes = {
				BuildIndependentTargetsInParallel = 1;
				LastSwiftUpdateCheck = 1330;
				LastUpgradeCheck = 1330;
				TargetAttributes = {
					66F6C555280590B900CA7B84 = {
						CreatedOnToolsVersion = 13.3;
					};
				};
			};
			buildConfigurationList = 66F6C551280590B900CA7B84 /* Build configuration list for PBXProject "SwiftUIBootcamp" */;
			compatibilityVersion = "Xcode 13.0";
			developmentRegion = en;
			hasScannedForEncodings = 0;
			knownRegions = (
				en,
				Base,
			);
			mainGroup = 66F6C54D280590B900CA7B84;
			productRefGroup = 66F6C557280590B900CA7B84 /* Products */;
			projectDirPath = "";
			projectRoot = "";
			targets = (
				66F6C555280590B900CA7B84 /* SwiftUIBootcamp */,
			);
		};
/* End PBXProject section */

/* Begin PBXResourcesBuildPhase section */
		66F6C554280590B900CA7B84 /* Resources */ = {
			isa = PBXResourcesBuildPhase;
			buildActionMask = 2147483647;
			files = (
				66F6C561280590B900CA7B84 /* Preview Assets.xcassets in Resources */,
				66F6C56F2805E1ED00CA7B84 /* .gitignore in Resources */,
				66F6C55E280590B900CA7B84 /* Assets.xcassets in Resources */,
			);
			runOnlyForDeploymentPostprocessing = 0;
		};
/* End PBXResourcesBuildPhase section */

/* Begin PBXSourcesBuildPhase section */
		66F6C552280590B900CA7B84 /* Sources */ = {
			isa = PBXSourcesBuildPhase;
			buildActionMask = 2147483647;
			files = (
				665643C2280718C70044EFAA /* FrameBootcamp.swift in Sources */,
				66CA86462809B82B004BD5D2 /* InitializerBootcamp.swift in Sources */,
				66F6C56A2805C0F600CA7B84 /* ColorsGradientsBootcamp.swift in Sources */,
				667C01E02808773300453720 /* PaddingBootcamp.swift in Sources */,
				66F6C56C2805D83300CA7B84 /* IconsBootcamp.swift in Sources */,
				665643C4280723110044EFAA /* BackgroundAndOverlayBootcamp.swift in Sources */,
				66F6C5712805E4AE00CA7B84 /* ImagesBootcamp.swift in Sources */,
				667C01E22808833500453720 /* SpacerBootcamp.swift in Sources */,
				66F6C55C280590B900CA7B84 /* ContentView.swift in Sources */,
				665643C62807348A0044EFAA /* StacksBootcamp.swift in Sources */,
				66CA86482809D396004BD5D2 /* ForEachAndScrollViewBootcamp.swift in Sources */,
				66F6C55A280590B900CA7B84 /* SwiftUIBootcampApp.swift in Sources */,
				66F6C568280590DC00CA7B84 /* TextsBootcamp.swift in Sources */,
			);
			runOnlyForDeploymentPostprocessing = 0;
		};
/* End PBXSourcesBuildPhase section */

/* Begin XCBuildConfiguration section */
		66F6C562280590B900CA7B84 /* Debug */ = {
			isa = XCBuildConfiguration;
			buildSettings = {
				ALWAYS_SEARCH_USER_PATHS = NO;
				CLANG_ANALYZER_NONNULL = YES;
				CLANG_ANALYZER_NUMBER_OBJECT_CONVERSION = YES_AGGRESSIVE;
				CLANG_CXX_LANGUAGE_STANDARD = "gnu++17";
				CLANG_ENABLE_MODULES = YES;
				CLANG_ENABLE_OBJC_ARC = YES;
				CLANG_ENABLE_OBJC_WEAK = YES;
				CLANG_WARN_BLOCK_CAPTURE_AUTORELEASING = YES;
				CLANG_WARN_BOOL_CONVERSION = YES;
				CLANG_WARN_COMMA = YES;
				CLANG_WARN_CONSTANT_CONVERSION = YES;
				CLANG_WARN_DEPRECATED_OBJC_IMPLEMENTATIONS = YES;
				CLANG_WARN_DIRECT_OBJC_ISA_USAGE = YES_ERROR;
				CLANG_WARN_DOCUMENTATION_COMMENTS = YES;
				CLANG_WARN_EMPTY_BODY = YES;
				CLANG_WARN_ENUM_CONVERSION = YES;
				CLANG_WARN_INFINITE_RECURSION = YES;
				CLANG_WARN_INT_CONVERSION = YES;
				CLANG_WARN_NON_LITERAL_NULL_CONVERSION = YES;
				CLANG_WARN_OBJC_IMPLICIT_RETAIN_SELF = YES;
				CLANG_WARN_OBJC_LITERAL_CONVERSION = YES;
				CLANG_WARN_OBJC_ROOT_CLASS = YES_ERROR;
				CLANG_WARN_QUOTED_INCLUDE_IN_FRAMEWORK_HEADER = YES;
				CLANG_WARN_RANGE_LOOP_ANALYSIS = YES;
				CLANG_WARN_STRICT_PROTOTYPES = YES;
				CLANG_WARN_SUSPICIOUS_MOVE = YES;
				CLANG_WARN_UNGUARDED_AVAILABILITY = YES_AGGRESSIVE;
				CLANG_WARN_UNREACHABLE_CODE = YES;
				CLANG_WARN__DUPLICATE_METHOD_MATCH = YES;
				COPY_PHASE_STRIP = NO;
				DEBUG_INFORMATION_FORMAT = dwarf;
				ENABLE_STRICT_OBJC_MSGSEND = YES;
				ENABLE_TESTABILITY = YES;
				GCC_C_LANGUAGE_STANDARD = gnu11;
				GCC_DYNAMIC_NO_PIC = NO;
				GCC_NO_COMMON_BLOCKS = YES;
				GCC_OPTIMIZATION_LEVEL = 0;
				GCC_PREPROCESSOR_DEFINITIONS = (
					"DEBUG=1",
					"$(inherited)",
				);
				GCC_WARN_64_TO_32_BIT_CONVERSION = YES;
				GCC_WARN_ABOUT_RETURN_TYPE = YES_ERROR;
				GCC_WARN_UNDECLARED_SELECTOR = YES;
				GCC_WARN_UNINITIALIZED_AUTOS = YES_AGGRESSIVE;
				GCC_WARN_UNUSED_FUNCTION = YES;
				GCC_WARN_UNUSED_VARIABLE = YES;
				IPHONEOS_DEPLOYMENT_TARGET = 15.4;
				MTL_ENABLE_DEBUG_INFO = INCLUDE_SOURCE;
				MTL_FAST_MATH = YES;
				ONLY_ACTIVE_ARCH = YES;
				SDKROOT = iphoneos;
				SWIFT_ACTIVE_COMPILATION_CONDITIONS = DEBUG;
				SWIFT_OPTIMIZATION_LEVEL = "-Onone";
			};
			name = Debug;
		};
		66F6C563280590B900CA7B84 /* Release */ = {
			isa = XCBuildConfiguration;
			buildSettings = {
				ALWAYS_SEARCH_USER_PATHS = NO;
				CLANG_ANALYZER_NONNULL = YES;
				CLANG_ANALYZER_NUMBER_OBJECT_CONVERSION = YES_AGGRESSIVE;
				CLANG_CXX_LANGUAGE_STANDARD = "gnu++17";
				CLANG_ENABLE_MODULES = YES;
				CLANG_ENABLE_OBJC_ARC = YES;
				CLANG_ENABLE_OBJC_WEAK = YES;
				CLANG_WARN_BLOCK_CAPTURE_AUTORELEASING = YES;
				CLANG_WARN_BOOL_CONVERSION = YES;
				CLANG_WARN_COMMA = YES;
				CLANG_WARN_CONSTANT_CONVERSION = YES;
				CLANG_WARN_DEPRECATED_OBJC_IMPLEMENTATIONS = YES;
				CLANG_WARN_DIRECT_OBJC_ISA_USAGE = YES_ERROR;
				CLANG_WARN_DOCUMENTATION_COMMENTS = YES;
				CLANG_WARN_EMPTY_BODY = YES;
				CLANG_WARN_ENUM_CONVERSION = YES;
				CLANG_WARN_INFINITE_RECURSION = YES;
				CLANG_WARN_INT_CONVERSION = YES;
				CLANG_WARN_NON_LITERAL_NULL_CONVERSION = YES;
				CLANG_WARN_OBJC_IMPLICIT_RETAIN_SELF = YES;
				CLANG_WARN_OBJC_LITERAL_CONVERSION = YES;
				CLANG_WARN_OBJC_ROOT_CLASS = YES_ERROR;
				CLANG_WARN_QUOTED_INCLUDE_IN_FRAMEWORK_HEADER = YES;
				CLANG_WARN_RANGE_LOOP_ANALYSIS = YES;
				CLANG_WARN_STRICT_PROTOTYPES = YES;
				CLANG_WARN_SUSPICIOUS_MOVE = YES;
				CLANG_WARN_UNGUARDED_AVAILABILITY = YES_AGGRESSIVE;
				CLANG_WARN_UNREACHABLE_CODE = YES;
				CLANG_WARN__DUPLICATE_METHOD_MATCH = YES;
				COPY_PHASE_STRIP = NO;
				DEBUG_INFORMATION_FORMAT = "dwarf-with-dsym";
				ENABLE_NS_ASSERTIONS = NO;
				ENABLE_STRICT_OBJC_MSGSEND = YES;
				GCC_C_LANGUAGE_STANDARD = gnu11;
				GCC_NO_COMMON_BLOCKS = YES;
				GCC_WARN_64_TO_32_BIT_CONVERSION = YES;
				GCC_WARN_ABOUT_RETURN_TYPE = YES_ERROR;
				GCC_WARN_UNDECLARED_SELECTOR = YES;
				GCC_WARN_UNINITIALIZED_AUTOS = YES_AGGRESSIVE;
				GCC_WARN_UNUSED_FUNCTION = YES;
				GCC_WARN_UNUSED_VARIABLE = YES;
				IPHONEOS_DEPLOYMENT_TARGET = 15.4;
				MTL_ENABLE_DEBUG_INFO = NO;
				MTL_FAST_MATH = YES;
				SDKROOT = iphoneos;
				SWIFT_COMPILATION_MODE = wholemodule;
				SWIFT_OPTIMIZATION_LEVEL = "-O";
				VALIDATE_PRODUCT = YES;
			};
			name = Release;
		};
		66F6C565280590B900CA7B84 /* Debug */ = {
			isa = XCBuildConfiguration;
			buildSettings = {
				ASSETCATALOG_COMPILER_APPICON_NAME = AppIcon;
				ASSETCATALOG_COMPILER_GLOBAL_ACCENT_COLOR_NAME = AccentColor;
				CODE_SIGN_STYLE = Automatic;
				CURRENT_PROJECT_VERSION = 1;
				DEVELOPMENT_ASSET_PATHS = "\"SwiftUIBootcamp/Preview Content\"";
				DEVELOPMENT_TEAM = KUQMYLVT57;
				ENABLE_PREVIEWS = YES;
				GENERATE_INFOPLIST_FILE = YES;
				INFOPLIST_KEY_UIApplicationSceneManifest_Generation = YES;
				INFOPLIST_KEY_UIApplicationSupportsIndirectInputEvents = YES;
				INFOPLIST_KEY_UILaunchScreen_Generation = YES;
				INFOPLIST_KEY_UISupportedInterfaceOrientations_iPad = "UIInterfaceOrientationPortrait UIInterfaceOrientationPortraitUpsideDown UIInterfaceOrientationLandscapeLeft UIInterfaceOrientationLandscapeRight";
				INFOPLIST_KEY_UISupportedInterfaceOrientations_iPhone = "UIInterfaceOrientationPortrait UIInterfaceOrientationLandscapeLeft UIInterfaceOrientationLandscapeRight";
				IPHONEOS_DEPLOYMENT_TARGET = 15.0;
				LD_RUNPATH_SEARCH_PATHS = (
					"$(inherited)",
					"@executable_path/Frameworks",
				);
				MARKETING_VERSION = 1.0;
				PRODUCT_BUNDLE_IDENTIFIER = lmk.SwiftUIBootCamp.SwiftUIBootcamp;
				PRODUCT_NAME = "$(TARGET_NAME)";
				SWIFT_EMIT_LOC_STRINGS = YES;
				SWIFT_VERSION = 5.0;
				TARGETED_DEVICE_FAMILY = "1,2";
			};
			name = Debug;
		};
		66F6C566280590B900CA7B84 /* Release */ = {
			isa = XCBuildConfiguration;
			buildSettings = {
				ASSETCATALOG_COMPILER_APPICON_NAME = AppIcon;
				ASSETCATALOG_COMPILER_GLOBAL_ACCENT_COLOR_NAME = AccentColor;
				CODE_SIGN_STYLE = Automatic;
				CURRENT_PROJECT_VERSION = 1;
				DEVELOPMENT_ASSET_PATHS = "\"SwiftUIBootcamp/Preview Content\"";
				DEVELOPMENT_TEAM = KUQMYLVT57;
				ENABLE_PREVIEWS = YES;
				GENERATE_INFOPLIST_FILE = YES;
				INFOPLIST_KEY_UIApplicationSceneManifest_Generation = YES;
				INFOPLIST_KEY_UIApplicationSupportsIndirectInputEvents = YES;
				INFOPLIST_KEY_UILaunchScreen_Generation = YES;
				INFOPLIST_KEY_UISupportedInterfaceOrientations_iPad = "UIInterfaceOrientationPortrait UIInterfaceOrientationPortraitUpsideDown UIInterfaceOrientationLandscapeLeft UIInterfaceOrientationLandscapeRight";
				INFOPLIST_KEY_UISupportedInterfaceOrientations_iPhone = "UIInterfaceOrientationPortrait UIInterfaceOrientationLandscapeLeft UIInterfaceOrientationLandscapeRight";
				IPHONEOS_DEPLOYMENT_TARGET = 15.0;
				LD_RUNPATH_SEARCH_PATHS = (
					"$(inherited)",
					"@executable_path/Frameworks",
				);
				MARKETING_VERSION = 1.0;
				PRODUCT_BUNDLE_IDENTIFIER = lmk.SwiftUIBootCamp.SwiftUIBootcamp;
				PRODUCT_NAME = "$(TARGET_NAME)";
				SWIFT_EMIT_LOC_STRINGS = YES;
				SWIFT_VERSION = 5.0;
				TARGETED_DEVICE_FAMILY = "1,2";
			};
			name = Release;
		};
/* End XCBuildConfiguration section */

/* Begin XCConfigurationList section */
		66F6C551280590B900CA7B84 /* Build configuration list for PBXProject "SwiftUIBootcamp" */ = {
			isa = XCConfigurationList;
			buildConfigurations = (
				66F6C562280590B900CA7B84 /* Debug */,
				66F6C563280590B900CA7B84 /* Release */,
			);
			defaultConfigurationIsVisible = 0;
			defaultConfigurationName = Release;
		};
		66F6C564280590B900CA7B84 /* Build configuration list for PBXNativeTarget "SwiftUIBootcamp" */ = {
			isa = XCConfigurationList;
			buildConfigurations = (
				66F6C565280590B900CA7B84 /* Debug */,
				66F6C566280590B900CA7B84 /* Release */,
			);
			defaultConfigurationIsVisible = 0;
			defaultConfigurationName = Release;
		};
/* End XCConfigurationList section */
	};
	rootObject = 66F6C54E280590B900CA7B84 /* Project object */;
}
